<?xml version="1.0" encoding="utf-8"?>
<Project ToolsVersion="4.0" xmlns="http://schemas.microsoft.com/developer/msbuild/2003">
  <ItemGroup>
    <Filter Include="Resource Files">
      <UniqueIdentifier>{67DA6AB6-F800-4c08-8B7A-83BB121AAD01}</UniqueIdentifier>
      <Extensions>rc;ico;cur;bmp;dlg;rc2;rct;bin;rgs;gif;jpg;jpeg;jpe;resx;tiff;tif;png;wav;mfcribbon-ms</Extensions>
    </Filter>
    <Filter Include="Manager">
      <UniqueIdentifier>{f5dbacb4-c5ce-4258-83a0-642c2ebc02dc}</UniqueIdentifier>
    </Filter>
    <Filter Include="Manager\Header">
      <UniqueIdentifier>{a6f46fef-ef33-469c-9e13-4c0ad61b7a21}</UniqueIdentifier>
    </Filter>
    <Filter Include="Manager\Source">
      <UniqueIdentifier>{a4076e1d-7c2f-46d3-a37c-2ca259956352}</UniqueIdentifier>
    </Filter>
    <Filter Include="Object">
      <UniqueIdentifier>{23709d2b-f1e0-4f35-b0f5-e00c731b9825}</UniqueIdentifier>
    </Filter>
    <Filter Include="Object\Component">
      <UniqueIdentifier>{1039c679-d940-4abb-b9fb-e96c9d690dc1}</UniqueIdentifier>
    </Filter>
    <Filter Include="Object\Container">
      <UniqueIdentifier>{ad40bea5-adbb-405d-af37-e154fad5647c}</UniqueIdentifier>
    </Filter>
    <Filter Include="Main">
      <UniqueIdentifier>{e4adbbd6-9e95-49a4-97be-30625acef51f}</UniqueIdentifier>
    </Filter>
    <Filter Include="Main\Header">
      <UniqueIdentifier>{93995380-89BD-4b04-88EB-625FBE52EBFB}</UniqueIdentifier>
      <Extensions>h;hh;hpp;hxx;hm;inl;inc;xsd</Extensions>
    </Filter>
    <Filter Include="Main\Source">
      <UniqueIdentifier>{4FC737F1-C7A5-4376-A066-2A32D752A2FF}</UniqueIdentifier>
      <Extensions>cpp;c;cc;cxx;def;odl;idl;hpj;bat;asm;asmx</Extensions>
    </Filter>
    <Filter Include="Object\Component\Base">
      <UniqueIdentifier>{2923ef4f-5cba-4e0e-9cef-c8d889d52cc8}</UniqueIdentifier>
    </Filter>
    <Filter Include="Object\Component\Base\Header">
      <UniqueIdentifier>{64dd499b-2100-4084-a774-ca176ce3a047}</UniqueIdentifier>
    </Filter>
    <Filter Include="Object\Component\Base\Source">
      <UniqueIdentifier>{96b1bf17-d10a-4db8-9f5e-741a2fd0de9c}</UniqueIdentifier>
    </Filter>
    <Filter Include="Object\Component\Player">
      <UniqueIdentifier>{09e3822a-8cb2-4739-9706-c2138d8cf473}</UniqueIdentifier>
    </Filter>
    <Filter Include="Object\Component\Player\Header">
      <UniqueIdentifier>{e70646aa-62f5-42a0-b2a2-dee62579aebc}</UniqueIdentifier>
    </Filter>
    <Filter Include="Object\Component\Player\Source">
      <UniqueIdentifier>{8817941d-896b-4042-bc3a-af7b0f946099}</UniqueIdentifier>
    </Filter>
    <Filter Include="Object\Container\Player">
      <UniqueIdentifier>{ca6a9866-0b48-45ad-b333-444f1c7e02f3}</UniqueIdentifier>
    </Filter>
    <Filter Include="Object\Container\Player\Header">
      <UniqueIdentifier>{841abb4d-c863-4177-9dff-9ff039fa64e7}</UniqueIdentifier>
    </Filter>
    <Filter Include="Object\Container\Player\Source">
      <UniqueIdentifier>{7d51da10-eccb-460f-af50-9aeed6278cf5}</UniqueIdentifier>
    </Filter>
    <Filter Include="Object\Container\Base">
      <UniqueIdentifier>{b6153cd2-1247-4d4e-84fc-245fd4892752}</UniqueIdentifier>
    </Filter>
    <Filter Include="Object\Container\Base\Header">
      <UniqueIdentifier>{61f117a1-0c7f-4feb-b2e7-a2b51e157c92}</UniqueIdentifier>
    </Filter>
    <Filter Include="Object\Container\Enemy">
      <UniqueIdentifier>{c2386f6d-0e88-4c78-896a-c0243ce72577}</UniqueIdentifier>
    </Filter>
    <Filter Include="Object\Container\Enemy\Source">
      <UniqueIdentifier>{af7ac3f3-0772-4d88-afa6-6003c18c26bb}</UniqueIdentifier>
    </Filter>
    <Filter Include="Object\Container\Enemy\Header">
      <UniqueIdentifier>{b4cb7fe1-2dd9-43a1-ad6e-26e7a99076db}</UniqueIdentifier>
    </Filter>
    <Filter Include="Object\Container\Base\Source">
      <UniqueIdentifier>{445be84f-2c24-4304-b996-bd303653049c}</UniqueIdentifier>
    </Filter>
  </ItemGroup>
  <ItemGroup>
    <Text Include="ReadMe.txt" />
  </ItemGroup>
  <ItemGroup>
    <ClInclude Include="stdafx.h">
      <Filter>Main\Header</Filter>
    </ClInclude>
    <ClInclude Include="targetver.h">
      <Filter>Main\Header</Filter>
    </ClInclude>
    <ClInclude Include="Main.h">
      <Filter>Main\Header</Filter>
    </ClInclude>
    <ClInclude Include="Resource.h">
      <Filter>Resource Files</Filter>
    </ClInclude>
    <ClInclude Include="GameRoot.h">
      <Filter>Manager\Header</Filter>
    </ClInclude>
    <ClInclude Include="RenderManager.h">
      <Filter>Manager\Header</Filter>
    </ClInclude>
    <ClInclude Include="SystemManager.h">
      <Filter>Manager\Header</Filter>
    </ClInclude>
    <ClInclude Include="GameObject.h">
      <Filter>Object\Container\Base\Header</Filter>
    </ClInclude>
    <ClInclude Include="GameMovableObject.h">
      <Filter>Object\Container\Base\Header</Filter>
    </ClInclude>
    <ClInclude Include="ComponentBase.h">
      <Filter>Object\Component\Base\Header</Filter>
    </ClInclude>
    <ClInclude Include="GraphicsComponent.h">
      <Filter>Object\Component\Base\Header</Filter>
    </ClInclude>
    <ClInclude Include="InputComponent.h">
      <Filter>Object\Component\Base\Header</Filter>
    </ClInclude>
    <ClInclude Include="PhysicsComponent.h">
      <Filter>Object\Component\Base\Header</Filter>
    </ClInclude>
    <ClInclude Include="PlayerGraphicsComponent.h">
      <Filter>Object\Component\Player\Header</Filter>
    </ClInclude>
    <ClInclude Include="PlayerInputComponent.h">
      <Filter>Object\Component\Player\Header</Filter>
    </ClInclude>
    <ClInclude Include="PlayerPhysicsComponent.h">
      <Filter>Object\Component\Player\Header</Filter>
    </ClInclude>
    <ClInclude Include="GameTerrain.h">
      <Filter>Object\Container\Base\Header</Filter>
    </ClInclude>
    <ClInclude Include="GameStaticObject.h">
      <Filter>Object\Container\Base\Header</Filter>
    </ClInclude>
    <ClInclude Include="TerrainGraphicsComponent.h">
      <Filter>Object\Component\Base\Header</Filter>
    </ClInclude>
    <ClInclude Include="SoundManager.h">
      <Filter>Manager\Header</Filter>
    </ClInclude>
    <ClInclude Include="Player.h">
      <Filter>Object\Container\Player\Header</Filter>
    </ClInclude>
    <ClInclude Include="PlayerBullet.h">
      <Filter>Object\Container\Player\Header</Filter>
    </ClInclude>
    <ClInclude Include="Enemy.h">
      <Filter>Object\Container\Enemy\Header</Filter>
    </ClInclude>
    <ClInclude Include="EnemyBullet.h">
      <Filter>Object\Container\Enemy\Header</Filter>
    </ClInclude>
    <ClInclude Include="MissileLauncher.h">
      <Filter>Object\Container\Enemy\Header</Filter>
    </ClInclude>
    <ClInclude Include="Spike.h">
      <Filter>Object\Container\Enemy\Header</Filter>
    </ClInclude>
    <ClInclude Include="Obstacle.h">
      <Filter>Object\Container\Enemy\Header</Filter>
    </ClInclude>
    <ClInclude Include="DirObjGraphicsComponent.h">
      <Filter>Object\Component\Base\Header</Filter>
    </ClInclude>
  </ItemGroup>
  <ItemGroup>
    <ClCompile Include="stdafx.cpp">
      <Filter>Main\Source</Filter>
    </ClCompile>
    <ClCompile Include="Main.cpp">
      <Filter>Main\Source</Filter>
    </ClCompile>
    <ClCompile Include="GameRoot.cpp">
      <Filter>Manager\Source</Filter>
    </ClCompile>
    <ClCompile Include="RenderManager.cpp">
      <Filter>Manager\Source</Filter>
    </ClCompile>
    <ClCompile Include="SystemManager.cpp">
      <Filter>Manager\Source</Filter>
    </ClCompile>
    <ClCompile Include="InputComponent.cpp">
      <Filter>Object\Component\Base\Source</Filter>
    </ClCompile>
    <ClCompile Include="PhysicsComponent.cpp">
      <Filter>Object\Component\Base\Source</Filter>
    </ClCompile>
    <ClCompile Include="GameObject.cpp">
      <Filter>Object\Container\Base\Source</Filter>
    </ClCompile>
    <ClCompile Include="ComponentBase.cpp">
      <Filter>Object\Component\Base\Source</Filter>
    </ClCompile>
    <ClCompile Include="GraphicsComponent.cpp">
      <Filter>Object\Component\Base\Source</Filter>
    </ClCompile>
    <ClCompile Include="GameMovableObject.cpp">
      <Filter>Object\Container\Base\Source</Filter>
    </ClCompile>
    <ClCompile Include="PlayerGraphicsComponent.cpp">
      <Filter>Object\Component\Player\Source</Filter>
    </ClCompile>
    <ClCompile Include="PlayerInputComponent.cpp">
      <Filter>Object\Component\Player\Source</Filter>
    </ClCompile>
    <ClCompile Include="PlayerPhysicsComponent.cpp">
      <Filter>Object\Component\Player\Source</Filter>
    </ClCompile>
    <ClCompile Include="GameTerrain.cpp">
      <Filter>Object\Container\Base\Source</Filter>
    </ClCompile>
    <ClCompile Include="GameStaticObject.cpp">
      <Filter>Object\Container\Base\Source</Filter>
    </ClCompile>
    <ClCompile Include="TerrainGraphicsComponent.cpp">
      <Filter>Object\Component\Base\Source</Filter>
    </ClCompile>
    <ClCompile Include="SoundManager.cpp">
      <Filter>Manager\Source</Filter>
    </ClCompile>
    <ClCompile Include="Player.cpp">
      <Filter>Object\Container\Player\Source</Filter>
    </ClCompile>
    <ClCompile Include="PlayerBullet.cpp">
      <Filter>Object\Container\Player\Source</Filter>
    </ClCompile>
    <ClCompile Include="Enemy.cpp">
      <Filter>Object\Container\Enemy\Source</Filter>
    </ClCompile>
    <ClCompile Include="EnemyBullet.cpp">
      <Filter>Object\Container\Enemy\Source</Filter>
    </ClCompile>
    <ClCompile Include="MissileLauncher.cpp">
      <Filter>Object\Container\Enemy\Source</Filter>
    </ClCompile>
    <ClCompile Include="Spike.cpp">
      <Filter>Object\Container\Enemy\Source</Filter>
    </ClCompile>
    <ClCompile Include="Obstacle.cpp">
      <Filter>Object\Container\Enemy\Source</Filter>
    </ClCompile>
    <ClCompile Include="DirObjGraphicsComponent.cpp">
      <Filter>Object\Component\Base\Source</Filter>
    </ClCompile>
  </ItemGroup>
  <ItemGroup>
    <Image Include="directx.ico">
      <Filter>Resource Files</Filter>
    </Image>
    <Image Include="directxs.ico">
      <Filter>Resource Files</Filter>
    </Image>
  </ItemGroup>
  <ItemGroup>
    <ResourceCompile Include="MyEngine.rc">
      <Filter>Resource Files</Filter>
    </ResourceCompile>
  </ItemGroup>
</Project>